
Microsoft Visual Studio Solution File, Format Version 12.00
# Visual Studio Version 16
VisualStudioVersion = 16.0.31729.503
MinimumVisualStudioVersion = 10.0.40219.1
Project("{FAE04EC0-301F-11D3-BF4B-00C04F79EFBC}") = "ОАИП", "ОАИП\ОАИП.csproj", "{CE285471-7166-444C-B4B1-93279E2C0C36}"
EndProject
Global
	GlobalSection(SolutionConfigurationPlatforms) = preSolution
		Debug|Any CPU = Debug|Any CPU
		Release|Any CPU = Release|Any CPU
	EndGlobalSection
	GlobalSection(ProjectConfigurationPlatforms) = postSolution
		{CE285471-7166-444C-B4B1-93279E2C0C36}.Debug|Any CPU.ActiveCfg = Debug|Any CPU
		{CE285471-7166-444C-B4B1-93279E2C0C36}.Debug|Any CPU.Build.0 = Debug|Any CPU
		{CE285471-7166-444C-B4B1-93279E2C0C36}.Release|Any CPU.ActiveCfg = Release|Any CPU
		{CE285471-7166-444C-B4B1-93279E2C0C36}.Release|Any CPU.Build.0 = Release|Any CPU
	EndGlobalSection
	GlobalSection(SolutionProperties) = preSolution
		HideSolutionNode = FALSE
	EndGlobalSection
	GlobalSection(ExtensibilityGlobals) = postSolution
		SolutionGuid = {8B45385C-4B1D-4E15-8DBB-0FF72753F3A5}
	EndGlobalSection
EndGlobal
